
Microsoft Visual Studio Solution File, Format Version 12.00
# Visual Studio Version 16
VisualStudioVersion = 16.0.31702.278
MinimumVisualStudioVersion = 10.0.40219.1
Project("{FAE04EC0-301F-11D3-BF4B-00C04F79EFBC}") = "CA210930_2", "CA210930_2\CA210930_2.csproj", "{62FF94C5-94D6-4CA0-B96F-C4AF8AFC0F1F}"
EndProject
Global
	GlobalSection(SolutionConfigurationPlatforms) = preSolution
		Debug|Any CPU = Debug|Any CPU
		Release|Any CPU = Release|Any CPU
	EndGlobalSection
	GlobalSection(ProjectConfigurationPlatforms) = postSolution
		{62FF94C5-94D6-4CA0-B96F-C4AF8AFC0F1F}.Debug|Any CPU.ActiveCfg = Debug|Any CPU
		{62FF94C5-94D6-4CA0-B96F-C4AF8AFC0F1F}.Debug|Any CPU.Build.0 = Debug|Any CPU
		{62FF94C5-94D6-4CA0-B96F-C4AF8AFC0F1F}.Release|Any CPU.ActiveCfg = Release|Any CPU
		{62FF94C5-94D6-4CA0-B96F-C4AF8AFC0F1F}.Release|Any CPU.Build.0 = Release|Any CPU
	EndGlobalSection
	GlobalSection(SolutionProperties) = preSolution
		HideSolutionNode = FALSE
	EndGlobalSection
	GlobalSection(ExtensibilityGlobals) = postSolution
		SolutionGuid = {40D50C14-CEE5-412F-9648-7BABBBB23E1C}
	EndGlobalSection
EndGlobal
